
Microsoft Visual Studio Solution File, Format Version 12.00
# Visual Studio Version 16
VisualStudioVersion = 16.0.29403.142
MinimumVisualStudioVersion = 10.0.40219.1
Project("{FAE04EC0-301F-11D3-BF4B-00C04F79EFBC}") = "Kantin", "Kantin.csproj", "{BA106A4F-D38D-44EB-A439-4165B20DDE6C}"
EndProject
Global
	GlobalSection(SolutionConfigurationPlatforms) = preSolution
		Debug|Any CPU = Debug|Any CPU
		Release|Any CPU = Release|Any CPU
	EndGlobalSection
	GlobalSection(ProjectConfigurationPlatforms) = postSolution
		{BA106A4F-D38D-44EB-A439-4165B20DDE6C}.Debug|Any CPU.ActiveCfg = Debug|Any CPU
		{BA106A4F-D38D-44EB-A439-4165B20DDE6C}.Debug|Any CPU.Build.0 = Debug|Any CPU
		{BA106A4F-D38D-44EB-A439-4165B20DDE6C}.Release|Any CPU.ActiveCfg = Release|Any CPU
		{BA106A4F-D38D-44EB-A439-4165B20DDE6C}.Release|Any CPU.Build.0 = Release|Any CPU
	EndGlobalSection
	GlobalSection(SolutionProperties) = preSolution
		HideSolutionNode = FALSE
	EndGlobalSection
	GlobalSection(ExtensibilityGlobals) = postSolution
		SolutionGuid = {5087347F-20B3-49B2-9895-4E8E10CD5AE2}
	EndGlobalSection
EndGlobal
